Microsoft Visual Studio Solution File, Format Version 12.00
# Visual Studio Version 17
VisualStudioVersion = 17.14.36221.1 d17.14
MinimumVisualStudioVersion = 10.0.40219.1
Project("{FAE04EC0-301F-11D3-BF4B-00C04F79EFBC}") = "babaSHELL", "babaSHELL\babaSHELL.csproj", "{86E7BD83-08D7-4B7B-9B82-33F6CF948B18}"
EndProject
Project("{9A19103F-16F7-4668-BE54-9A1E7A4F7556}") = "BabaShell.Vsix", "BabaShell.Vsix\BabaShell.Vsix.csproj", "{A7C4C9F1-7F5A-4B0F-9C7C-7B31D2D1A97B}"
EndProject
Global
	GlobalSection(SolutionConfigurationPlatforms) = preSolution
		Debug|Any CPU = Debug|Any CPU
		Release|Any CPU = Release|Any CPU
	EndGlobalSection
	GlobalSection(ProjectConfigurationPlatforms) = postSolution
		{86E7BD83-08D7-4B7B-9B82-33F6CF948B18}.Debug|Any CPU.ActiveCfg = Debug|Any CPU
		{86E7BD83-08D7-4B7B-9B82-33F6CF948B18}.Debug|Any CPU.Build.0 = Debug|Any CPU
		{86E7BD83-08D7-4B7B-9B82-33F6CF948B18}.Release|Any CPU.ActiveCfg = Release|Any CPU
		{86E7BD83-08D7-4B7B-9B82-33F6CF948B18}.Release|Any CPU.Build.0 = Release|Any CPU
		{A7C4C9F1-7F5A-4B0F-9C7C-7B31D2D1A97B}.Debug|Any CPU.ActiveCfg = Debug|Any CPU
		{A7C4C9F1-7F5A-4B0F-9C7C-7B31D2D1A97B}.Debug|Any CPU.Build.0 = Debug|Any CPU
		{A7C4C9F1-7F5A-4B0F-9C7C-7B31D2D1A97B}.Release|Any CPU.ActiveCfg = Release|Any CPU
		{A7C4C9F1-7F5A-4B0F-9C7C-7B31D2D1A97B}.Release|Any CPU.Build.0 = Release|Any CPU
	EndGlobalSection
	GlobalSection(SolutionProperties) = preSolution
		HideSolutionNode = FALSE
	EndGlobalSection
	GlobalSection(ExtensibilityGlobals) = postSolution
		SolutionGuid = {83F1ECB6-E0A5-4533-AC82-09DDF87DEA3B}
	EndGlobalSection
EndGlobal
